
Microsoft Visual Studio Solution File, Format Version 12.00
# Visual Studio 2012
Project("{FAE04EC0-301F-11D3-BF4B-00C04F79EFBC}") = "NetWebApi", "NetWebApi\NetWebApi.csproj", "{543AEE28-05DC-42C3-AEA0-AE4B39B1A15D}"
EndProject
Project("{FAE04EC0-301F-11D3-BF4B-00C04F79EFBC}") = "NetWebApi.Tests", "NetWebApi.Tests\NetWebApi.Tests.csproj", "{428CA67A-54F8-4522-86D6-CEE977101276}"
EndProject
Global
	GlobalSection(SolutionConfigurationPlatforms) = preSolution
		Debug|Any CPU = Debug|Any CPU
		Release|Any CPU = Release|Any CPU
	EndGlobalSection
	GlobalSection(ProjectConfigurationPlatforms) = postSolution
		{543AEE28-05DC-42C3-AEA0-AE4B39B1A15D}.Debug|Any CPU.ActiveCfg = Debug|Any CPU
		{543AEE28-05DC-42C3-AEA0-AE4B39B1A15D}.Debug|Any CPU.Build.0 = Debug|Any CPU
		{543AEE28-05DC-42C3-AEA0-AE4B39B1A15D}.Release|Any CPU.ActiveCfg = Release|Any CPU
		{543AEE28-05DC-42C3-AEA0-AE4B39B1A15D}.Release|Any CPU.Build.0 = Release|Any CPU
		{428CA67A-54F8-4522-86D6-CEE977101276}.Debug|Any CPU.ActiveCfg = Debug|Any CPU
		{428CA67A-54F8-4522-86D6-CEE977101276}.Debug|Any CPU.Build.0 = Debug|Any CPU
		{428CA67A-54F8-4522-86D6-CEE977101276}.Release|Any CPU.ActiveCfg = Release|Any CPU
		{428CA67A-54F8-4522-86D6-CEE977101276}.Release|Any CPU.Build.0 = Release|Any CPU
	EndGlobalSection
EndGlobal
